// !$*UTF8*$!
{
	archiveVersion = 1;
	classes = {
	};
	objectVersion = 56;
	objects = {

/* Begin PBXBuildFile section */
		59240FEDE51969481CCA8681 /* Pods_GitHubMagazineTests.framework in Frameworks */ = {isa = PBXBuildFile; fileRef = 9FCD8B8F8FE5281C8EFBE042 /* Pods_GitHubMagazineTests.framework */; };
		BF37A35A967EFC3721500EBD /* Pods_GitHubMagazine_GitHubMagazineUITests.framework in Frameworks */ = {isa = PBXBuildFile; fileRef = 5872D3C0F033DB0099D5450C /* Pods_GitHubMagazine_GitHubMagazineUITests.framework */; };
		D954F078687002376FE1C299 /* Pods_GitHubMagazine.framework in Frameworks */ = {isa = PBXBuildFile; fileRef = 8B1A0C086946AB6C06EC3A04 /* Pods_GitHubMagazine.framework */; };
		E079E32C2C4FE06F00C98D15 /* PullRequestCell.swift in Sources */ = {isa = PBXBuildFile; fileRef = E079E32B2C4FE06F00C98D15 /* PullRequestCell.swift */; };
		E079E32E2C4FE08800C98D15 /* RepositoryCell.swift in Sources */ = {isa = PBXBuildFile; fileRef = E079E32D2C4FE08800C98D15 /* RepositoryCell.swift */; };
		E079E3322C4FE14100C98D15 /* RepositoriesViewModel.swift in Sources */ = {isa = PBXBuildFile; fileRef = E079E3312C4FE14100C98D15 /* RepositoriesViewModel.swift */; };
		E079E33F2C4FE26F00C98D15 /* RepositoriesViewController.swift in Sources */ = {isa = PBXBuildFile; fileRef = E079E33E2C4FE26F00C98D15 /* RepositoriesViewController.swift */; };
		E079E3452C4FE4F300C98D15 /* PullRequestsViewController.swift in Sources */ = {isa = PBXBuildFile; fileRef = E079E3442C4FE4F300C98D15 /* PullRequestsViewController.swift */; };
		E079E3492C5016F600C98D15 /* PullRequestsViewModel.swift in Sources */ = {isa = PBXBuildFile; fileRef = E079E3482C5016F600C98D15 /* PullRequestsViewModel.swift */; };
		E079E34B2C50791100C98D15 /* WebViewController.swift in Sources */ = {isa = PBXBuildFile; fileRef = E079E34A2C50791100C98D15 /* WebViewController.swift */; };
		E079E3572C5083E500C98D15 /* UIColor+Hex.swift in Sources */ = {isa = PBXBuildFile; fileRef = E079E3562C5083E500C98D15 /* UIColor+Hex.swift */; };
		E079E3592C50853D00C98D15 /* APIService.swift in Sources */ = {isa = PBXBuildFile; fileRef = E079E3582C50853D00C98D15 /* APIService.swift */; };
		E079E35B2C5087DD00C98D15 /* PullRequestsResponse.swift in Sources */ = {isa = PBXBuildFile; fileRef = E079E35A2C5087DD00C98D15 /* PullRequestsResponse.swift */; };
		E079E35D2C50886900C98D15 /* RepositoriesResponse.swift in Sources */ = {isa = PBXBuildFile; fileRef = E079E35C2C50886900C98D15 /* RepositoriesResponse.swift */; };
		E079E35F2C50898000C98D15 /* UIViewController.swift in Sources */ = {isa = PBXBuildFile; fileRef = E079E35E2C50898000C98D15 /* UIViewController.swift */; };
		E079E3612C5089AD00C98D15 /* UINavigationController.swift in Sources */ = {isa = PBXBuildFile; fileRef = E079E3602C5089AD00C98D15 /* UINavigationController.swift */; };
		E079E3692C509BBD00C98D15 /* RepositoriesViewModelTests.swift in Sources */ = {isa = PBXBuildFile; fileRef = E079E3682C509BBD00C98D15 /* RepositoriesViewModelTests.swift */; };
		E079E36B2C509BFE00C98D15 /* MockAPIService.swift in Sources */ = {isa = PBXBuildFile; fileRef = E079E36A2C509BFD00C98D15 /* MockAPIService.swift */; };
		E079E36D2C509C4400C98D15 /* APIServiceTests.swift in Sources */ = {isa = PBXBuildFile; fileRef = E079E36C2C509C4400C98D15 /* APIServiceTests.swift */; };
		E079E36F2C509C8D00C98D15 /* RepositoriesIntegrationTests.swift in Sources */ = {isa = PBXBuildFile; fileRef = E079E36E2C509C8D00C98D15 /* RepositoriesIntegrationTests.swift */; };
		E079E3712C509DA100C98D15 /* APIServiceProtocol.swift in Sources */ = {isa = PBXBuildFile; fileRef = E079E3702C509DA100C98D15 /* APIServiceProtocol.swift */; };
		E079E3732C509F3500C98D15 /* PullRequestsViewModelTests.swift in Sources */ = {isa = PBXBuildFile; fileRef = E079E3722C509F3500C98D15 /* PullRequestsViewModelTests.swift */; };
		E079E3752C50A12100C98D15 /* MockAPIServiceWithError.swift in Sources */ = {isa = PBXBuildFile; fileRef = E079E3742C50A12100C98D15 /* MockAPIServiceWithError.swift */; };
		E0C064B32C4F18020086A98A /* AppDelegate.swift in Sources */ = {isa = PBXBuildFile; fileRef = E0C064B22C4F18020086A98A /* AppDelegate.swift */; };
		E0C064B52C4F18020086A98A /* SceneDelegate.swift in Sources */ = {isa = PBXBuildFile; fileRef = E0C064B42C4F18020086A98A /* SceneDelegate.swift */; };
		E0C064BA2C4F18020086A98A /* Base in Resources */ = {isa = PBXBuildFile; fileRef = E0C064B92C4F18020086A98A /* Base */; };
		E0C064BC2C4F18070086A98A /* Assets.xcassets in Resources */ = {isa = PBXBuildFile; fileRef = E0C064BB2C4F18070086A98A /* Assets.xcassets */; };
		E0C064BF2C4F18070086A98A /* Base in Resources */ = {isa = PBXBuildFile; fileRef = E0C064BE2C4F18070086A98A /* Base */; };
		E0C064D42C4F18080086A98A /* GitHubMagazineUITests.swift in Sources */ = {isa = PBXBuildFile; fileRef = E0C064D32C4F18080086A98A /* GitHubMagazineUITests.swift */; };
		E0C064D62C4F18080086A98A /* GitHubMagazineUITestsLaunchTests.swift in Sources */ = {isa = PBXBuildFile; fileRef = E0C064D52C4F18080086A98A /* GitHubMagazineUITestsLaunchTests.swift */; };
/* End PBXBuildFile section */

/* Begin PBXContainerItemProxy section */
		E0C064C62C4F18080086A98A /* PBXContainerItemProxy */ = {
			isa = PBXContainerItemProxy;
			containerPortal = E0C064A72C4F18020086A98A /* Project object */;
			proxyType = 1;
			remoteGlobalIDString = E0C064AE2C4F18020086A98A;
			remoteInfo = GitHubMagazine;
		};
		E0C064D02C4F18080086A98A /* PBXContainerItemProxy */ = {
			isa = PBXContainerItemProxy;
			containerPortal = E0C064A72C4F18020086A98A /* Project object */;
			proxyType = 1;
			remoteGlobalIDString = E0C064AE2C4F18020086A98A;
			remoteInfo = GitHubMagazine;
		};
/* End PBXContainerItemProxy section */

/* Begin PBXFileReference section */
		10A4CDB81E7ED677C6EBC70F /* Pods-GitHubMagazineTests.debug.xcconfig */ = {isa = PBXFileReference; includeInIndex = 1; lastKnownFileType = text.xcconfig; name = "Pods-GitHubMagazineTests.debug.xcconfig"; path = "Target Support Files/Pods-GitHubMagazineTests/Pods-GitHubMagazineTests.debug.xcconfig"; sourceTree = "<group>"; };
		5872D3C0F033DB0099D5450C /* Pods_GitHubMagazine_GitHubMagazineUITests.framework */ = {isa = PBXFileReference; explicitFileType = wrapper.framework; includeInIndex = 0; path = Pods_GitHubMagazine_GitHubMagazineUITests.framework; sourceTree = BUILT_PRODUCTS_DIR; };
		6620E24A3AF0287F325991D9 /* Pods-GitHubMagazineTests.release.xcconfig */ = {isa = PBXFileReference; includeInIndex = 1; lastKnownFileType = text.xcconfig; name = "Pods-GitHubMagazineTests.release.xcconfig"; path = "Target Support Files/Pods-GitHubMagazineTests/Pods-GitHubMagazineTests.release.xcconfig"; sourceTree = "<group>"; };
		82427ADAADA71346A5DB6613 /* Pods-GitHubMagazine.debug.xcconfig */ = {isa = PBXFileReference; includeInIndex = 1; lastKnownFileType = text.xcconfig; name = "Pods-GitHubMagazine.debug.xcconfig"; path = "Target Support Files/Pods-GitHubMagazine/Pods-GitHubMagazine.debug.xcconfig"; sourceTree = "<group>"; };
		8B1A0C086946AB6C06EC3A04 /* Pods_GitHubMagazine.framework */ = {isa = PBXFileReference; explicitFileType = wrapper.framework; includeInIndex = 0; path = Pods_GitHubMagazine.framework; sourceTree = BUILT_PRODUCTS_DIR; };
		9FCD8B8F8FE5281C8EFBE042 /* Pods_GitHubMagazineTests.framework */ = {isa = PBXFileReference; explicitFileType = wrapper.framework; includeInIndex = 0; path = Pods_GitHubMagazineTests.framework; sourceTree = BUILT_PRODUCTS_DIR; };
		CB6B718526226F56563B25C9 /* Pods-GitHubMagazine-GitHubMagazineUITests.release.xcconfig */ = {isa = PBXFileReference; includeInIndex = 1; lastKnownFileType = text.xcconfig; name = "Pods-GitHubMagazine-GitHubMagazineUITests.release.xcconfig"; path = "Target Support Files/Pods-GitHubMagazine-GitHubMagazineUITests/Pods-GitHubMagazine-GitHubMagazineUITests.release.xcconfig"; sourceTree = "<group>"; };
		E079E32B2C4FE06F00C98D15 /* PullRequestCell.swift */ = {isa = PBXFileReference; lastKnownFileType = sourcecode.swift; path = PullRequestCell.swift; sourceTree = "<group>"; };
		E079E32D2C4FE08800C98D15 /* RepositoryCell.swift */ = {isa = PBXFileReference; lastKnownFileType = sourcecode.swift; path = RepositoryCell.swift; sourceTree = "<group>"; };
		E079E3312C4FE14100C98D15 /* RepositoriesViewModel.swift */ = {isa = PBXFileReference; lastKnownFileType = sourcecode.swift; path = RepositoriesViewModel.swift; sourceTree = "<group>"; };
		E079E33E2C4FE26F00C98D15 /* RepositoriesViewController.swift */ = {isa = PBXFileReference; lastKnownFileType = sourcecode.swift; path = RepositoriesViewController.swift; sourceTree = "<group>"; };
		E079E3442C4FE4F300C98D15 /* PullRequestsViewController.swift */ = {isa = PBXFileReference; lastKnownFileType = sourcecode.swift; path = PullRequestsViewController.swift; sourceTree = "<group>"; };
		E079E3482C5016F600C98D15 /* PullRequestsViewModel.swift */ = {isa = PBXFileReference; lastKnownFileType = sourcecode.swift; path = PullRequestsViewModel.swift; sourceTree = "<group>"; };
		E079E34A2C50791100C98D15 /* WebViewController.swift */ = {isa = PBXFileReference; lastKnownFileType = sourcecode.swift; path = WebViewController.swift; sourceTree = "<group>"; };
		E079E3562C5083E500C98D15 /* UIColor+Hex.swift */ = {isa = PBXFileReference; lastKnownFileType = sourcecode.swift; path = "UIColor+Hex.swift"; sourceTree = "<group>"; };
		E079E3582C50853D00C98D15 /* APIService.swift */ = {isa = PBXFileReference; lastKnownFileType = sourcecode.swift; path = APIService.swift; sourceTree = "<group>"; };
		E079E35A2C5087DD00C98D15 /* PullRequestsResponse.swift */ = {isa = PBXFileReference; lastKnownFileType = sourcecode.swift; path = PullRequestsResponse.swift; sourceTree = "<group>"; };
		E079E35C2C50886900C98D15 /* RepositoriesResponse.swift */ = {isa = PBXFileReference; lastKnownFileType = sourcecode.swift; path = RepositoriesResponse.swift; sourceTree = "<group>"; };
		E079E35E2C50898000C98D15 /* UIViewController.swift */ = {isa = PBXFileReference; lastKnownFileType = sourcecode.swift; path = UIViewController.swift; sourceTree = "<group>"; };
		E079E3602C5089AD00C98D15 /* UINavigationController.swift */ = {isa = PBXFileReference; lastKnownFileType = sourcecode.swift; path = UINavigationController.swift; sourceTree = "<group>"; };
		E079E3682C509BBD00C98D15 /* RepositoriesViewModelTests.swift */ = {isa = PBXFileReference; lastKnownFileType = sourcecode.swift; path = RepositoriesViewModelTests.swift; sourceTree = "<group>"; };
		E079E36A2C509BFD00C98D15 /* MockAPIService.swift */ = {isa = PBXFileReference; lastKnownFileType = sourcecode.swift; path = MockAPIService.swift; sourceTree = "<group>"; };
		E079E36C2C509C4400C98D15 /* APIServiceTests.swift */ = {isa = PBXFileReference; lastKnownFileType = sourcecode.swift; path = APIServiceTests.swift; sourceTree = "<group>"; };
		E079E36E2C509C8D00C98D15 /* RepositoriesIntegrationTests.swift */ = {isa = PBXFileReference; lastKnownFileType = sourcecode.swift; path = RepositoriesIntegrationTests.swift; sourceTree = "<group>"; };
		E079E3702C509DA100C98D15 /* APIServiceProtocol.swift */ = {isa = PBXFileReference; lastKnownFileType = sourcecode.swift; path = APIServiceProtocol.swift; sourceTree = "<group>"; };
		E079E3722C509F3500C98D15 /* PullRequestsViewModelTests.swift */ = {isa = PBXFileReference; lastKnownFileType = sourcecode.swift; path = PullRequestsViewModelTests.swift; sourceTree = "<group>"; };
		E079E3742C50A12100C98D15 /* MockAPIServiceWithError.swift */ = {isa = PBXFileReference; lastKnownFileType = sourcecode.swift; path = MockAPIServiceWithError.swift; sourceTree = "<group>"; };
		E0C064AF2C4F18020086A98A /* GitHubMagazine.app */ = {isa = PBXFileReference; explicitFileType = wrapper.application; includeInIndex = 0; path = GitHubMagazine.app; sourceTree = BUILT_PRODUCTS_DIR; };
		E0C064B22C4F18020086A98A /* AppDelegate.swift */ = {isa = PBXFileReference; lastKnownFileType = sourcecode.swift; path = AppDelegate.swift; sourceTree = "<group>"; };
		E0C064B42C4F18020086A98A /* SceneDelegate.swift */ = {isa = PBXFileReference; lastKnownFileType = sourcecode.swift; path = SceneDelegate.swift; sourceTree = "<group>"; };
		E0C064B92C4F18020086A98A /* Base */ = {isa = PBXFileReference; lastKnownFileType = file.storyboard; name = Base; path = Base.lproj/Main.storyboard; sourceTree = "<group>"; };
		E0C064BB2C4F18070086A98A /* Assets.xcassets */ = {isa = PBXFileReference; lastKnownFileType = folder.assetcatalog; path = Assets.xcassets; sourceTree = "<group>"; };
		E0C064BE2C4F18070086A98A /* Base */ = {isa = PBXFileReference; lastKnownFileType = file.storyboard; name = Base; path = Base.lproj/LaunchScreen.storyboard; sourceTree = "<group>"; };
		E0C064C02C4F18070086A98A /* Info.plist */ = {isa = PBXFileReference; lastKnownFileType = text.plist.xml; path = Info.plist; sourceTree = "<group>"; };
		E0C064C52C4F18080086A98A /* GitHubMagazineTests.xctest */ = {isa = PBXFileReference; explicitFileType = wrapper.cfbundle; includeInIndex = 0; path = GitHubMagazineTests.xctest; sourceTree = BUILT_PRODUCTS_DIR; };
		E0C064CF2C4F18080086A98A /* GitHubMagazineUITests.xctest */ = {isa = PBXFileReference; explicitFileType = wrapper.cfbundle; includeInIndex = 0; path = GitHubMagazineUITests.xctest; sourceTree = BUILT_PRODUCTS_DIR; };
		E0C064D32C4F18080086A98A /* GitHubMagazineUITests.swift */ = {isa = PBXFileReference; lastKnownFileType = sourcecode.swift; path = GitHubMagazineUITests.swift; sourceTree = "<group>"; };
		E0C064D52C4F18080086A98A /* GitHubMagazineUITestsLaunchTests.swift */ = {isa = PBXFileReference; lastKnownFileType = sourcecode.swift; path = GitHubMagazineUITestsLaunchTests.swift; sourceTree = "<group>"; };
		E1FF2991A0B69DF2EECF3F89 /* Pods-GitHubMagazine-GitHubMagazineUITests.debug.xcconfig */ = {isa = PBXFileReference; includeInIndex = 1; lastKnownFileType = text.xcconfig; name = "Pods-GitHubMagazine-GitHubMagazineUITests.debug.xcconfig"; path = "Target Support Files/Pods-GitHubMagazine-GitHubMagazineUITests/Pods-GitHubMagazine-GitHubMagazineUITests.debug.xcconfig"; sourceTree = "<group>"; };
		E66C355D4B2D7B2A078E138C /* Pods-GitHubMagazine.release.xcconfig */ = {isa = PBXFileReference; includeInIndex = 1; lastKnownFileType = text.xcconfig; name = "Pods-GitHubMagazine.release.xcconfig"; path = "Target Support Files/Pods-GitHubMagazine/Pods-GitHubMagazine.release.xcconfig"; sourceTree = "<group>"; };
/* End PBXFileReference section */

/* Begin PBXFrameworksBuildPhase section */
		E0C064AC2C4F18020086A98A /* Frameworks */ = {
			isa = PBXFrameworksBuildPhase;
			buildActionMask = 2147483647;
			files = (
				D954F078687002376FE1C299 /* Pods_GitHubMagazine.framework in Frameworks */,
			);
			runOnlyForDeploymentPostprocessing = 0;
		};
		E0C064C22C4F18080086A98A /* Frameworks */ = {
			isa = PBXFrameworksBuildPhase;
			buildActionMask = 2147483647;
			files = (
				59240FEDE51969481CCA8681 /* Pods_GitHubMagazineTests.framework in Frameworks */,
			);
			runOnlyForDeploymentPostprocessing = 0;
		};
		E0C064CC2C4F18080086A98A /* Frameworks */ = {
			isa = PBXFrameworksBuildPhase;
			buildActionMask = 2147483647;
			files = (
				BF37A35A967EFC3721500EBD /* Pods_GitHubMagazine_GitHubMagazineUITests.framework in Frameworks */,
			);
			runOnlyForDeploymentPostprocessing = 0;
		};
/* End PBXFrameworksBuildPhase section */

/* Begin PBXGroup section */
		0772869E1C3899A13577DF97 /* Frameworks */ = {
			isa = PBXGroup;
			children = (
				8B1A0C086946AB6C06EC3A04 /* Pods_GitHubMagazine.framework */,
				5872D3C0F033DB0099D5450C /* Pods_GitHubMagazine_GitHubMagazineUITests.framework */,
				9FCD8B8F8FE5281C8EFBE042 /* Pods_GitHubMagazineTests.framework */,
			);
			name = Frameworks;
			sourceTree = "<group>";
		};
		1D2054E69C95532A7B21D040 /* Pods */ = {
			isa = PBXGroup;
			children = (
				82427ADAADA71346A5DB6613 /* Pods-GitHubMagazine.debug.xcconfig */,
				E66C355D4B2D7B2A078E138C /* Pods-GitHubMagazine.release.xcconfig */,
				E1FF2991A0B69DF2EECF3F89 /* Pods-GitHubMagazine-GitHubMagazineUITests.debug.xcconfig */,
				CB6B718526226F56563B25C9 /* Pods-GitHubMagazine-GitHubMagazineUITests.release.xcconfig */,
				10A4CDB81E7ED677C6EBC70F /* Pods-GitHubMagazineTests.debug.xcconfig */,
				6620E24A3AF0287F325991D9 /* Pods-GitHubMagazineTests.release.xcconfig */,
			);
			path = Pods;
			sourceTree = "<group>";
		};
		E079E34C2C50826000C98D15 /* AppDelegate */ = {
			isa = PBXGroup;
			children = (
				E0C064B42C4F18020086A98A /* SceneDelegate.swift */,
				E0C064B22C4F18020086A98A /* AppDelegate.swift */,
			);
			path = AppDelegate;
			sourceTree = "<group>";
		};
		E079E34D2C50827F00C98D15 /* Modules */ = {
			isa = PBXGroup;
			children = (
				E079E3502C5082CB00C98D15 /* Common */,
				E079E34F2C5082A900C98D15 /* PullRequests */,
				E079E34E2C50829600C98D15 /* Repositories */,
			);
			path = Modules;
			sourceTree = "<group>";
		};
		E079E34E2C50829600C98D15 /* Repositories */ = {
			isa = PBXGroup;
			children = (
				E079E33E2C4FE26F00C98D15 /* RepositoriesViewController.swift */,
				E079E3312C4FE14100C98D15 /* RepositoriesViewModel.swift */,
				E079E32D2C4FE08800C98D15 /* RepositoryCell.swift */,
			);
			path = Repositories;
			sourceTree = "<group>";
		};
		E079E34F2C5082A900C98D15 /* PullRequests */ = {
			isa = PBXGroup;
			children = (
				E079E32B2C4FE06F00C98D15 /* PullRequestCell.swift */,
				E079E3442C4FE4F300C98D15 /* PullRequestsViewController.swift */,
				E079E3482C5016F600C98D15 /* PullRequestsViewModel.swift */,
			);
			path = PullRequests;
			sourceTree = "<group>";
		};
		E079E3502C5082CB00C98D15 /* Common */ = {
			isa = PBXGroup;
			children = (
				E079E3512C5082E800C98D15 /* Extensions */,
				E079E3532C50830E00C98D15 /* Models */,
				E079E3522C5082FA00C98D15 /* Networking */,
				E079E3542C50831D00C98D15 /* Utilities */,
				E079E34A2C50791100C98D15 /* WebViewController.swift */,
			);
			path = Common;
			sourceTree = "<group>";
		};
		E079E3512C5082E800C98D15 /* Extensions */ = {
			isa = PBXGroup;
			children = (
				E079E3562C5083E500C98D15 /* UIColor+Hex.swift */,
				E079E3602C5089AD00C98D15 /* UINavigationController.swift */,
				E079E35E2C50898000C98D15 /* UIViewController.swift */,
			);
			path = Extensions;
			sourceTree = "<group>";
		};
		E079E3522C5082FA00C98D15 /* Networking */ = {
			isa = PBXGroup;
			children = (
				E079E3582C50853D00C98D15 /* APIService.swift */,
				E079E3702C509DA100C98D15 /* APIServiceProtocol.swift */,
			);
			path = Networking;
			sourceTree = "<group>";
		};
		E079E3532C50830E00C98D15 /* Models */ = {
			isa = PBXGroup;
			children = (
				E079E35A2C5087DD00C98D15 /* PullRequestsResponse.swift */,
				E079E35C2C50886900C98D15 /* RepositoriesResponse.swift */,
			);
			path = Models;
			sourceTree = "<group>";
		};
		E079E3542C50831D00C98D15 /* Utilities */ = {
			isa = PBXGroup;
			children = (
			);
			path = Utilities;
			sourceTree = "<group>";
		};
		E079E3552C50832E00C98D15 /* Resources */ = {
			isa = PBXGroup;
			children = (
				E0C064BB2C4F18070086A98A /* Assets.xcassets */,
				E0C064C02C4F18070086A98A /* Info.plist */,
				E0C064BD2C4F18070086A98A /* LaunchScreen.storyboard */,
				E0C064B82C4F18020086A98A /* Main.storyboard */,
			);
			path = Resources;
			sourceTree = "<group>";
		};
		E079E3622C509B2000C98D15 /* Tests */ = {
			isa = PBXGroup;
			children = (
				E079E3662C509B7800C98D15 /* ExtensionsTests */,
				E079E3672C509B8900C98D15 /* IntegrationTests */,
				E079E3652C509B6D00C98D15 /* ServicesTests */,
				E079E3642C509B5A00C98D15 /* ViewModelsTests */,
			);
			path = Tests;
			sourceTree = "<group>";
		};
		E079E3632C509B2A00C98D15 /* Mocks */ = {
			isa = PBXGroup;
			children = (
				E079E36A2C509BFD00C98D15 /* MockAPIService.swift */,
				E079E3742C50A12100C98D15 /* MockAPIServiceWithError.swift */,
			);
			path = Mocks;
			sourceTree = "<group>";
		};
		E079E3642C509B5A00C98D15 /* ViewModelsTests */ = {
			isa = PBXGroup;
			children = (
				E079E3682C509BBD00C98D15 /* RepositoriesViewModelTests.swift */,
				E079E3722C509F3500C98D15 /* PullRequestsViewModelTests.swift */,
			);
			path = ViewModelsTests;
			sourceTree = "<group>";
		};
		E079E3652C509B6D00C98D15 /* ServicesTests */ = {
			isa = PBXGroup;
			children = (
				E079E36C2C509C4400C98D15 /* APIServiceTests.swift */,
			);
			path = ServicesTests;
			sourceTree = "<group>";
		};
		E079E3662C509B7800C98D15 /* ExtensionsTests */ = {
			isa = PBXGroup;
			children = (
			);
			path = ExtensionsTests;
			sourceTree = "<group>";
		};
		E079E3672C509B8900C98D15 /* IntegrationTests */ = {
			isa = PBXGroup;
			children = (
				E079E36E2C509C8D00C98D15 /* RepositoriesIntegrationTests.swift */,
			);
			path = IntegrationTests;
			sourceTree = "<group>";
		};
		E0C064A62C4F18020086A98A = {
			isa = PBXGroup;
			children = (
				E0C064B12C4F18020086A98A /* GitHubMagazine */,
				E0C064C82C4F18080086A98A /* GitHubMagazineTests */,
				E0C064D22C4F18080086A98A /* GitHubMagazineUITests */,
				E0C064B02C4F18020086A98A /* Products */,
				1D2054E69C95532A7B21D040 /* Pods */,
				0772869E1C3899A13577DF97 /* Frameworks */,
			);
			sourceTree = "<group>";
		};
		E0C064B02C4F18020086A98A /* Products */ = {
			isa = PBXGroup;
			children = (
				E0C064AF2C4F18020086A98A /* GitHubMagazine.app */,
				E0C064C52C4F18080086A98A /* GitHubMagazineTests.xctest */,
				E0C064CF2C4F18080086A98A /* GitHubMagazineUITests.xctest */,
			);
			name = Products;
			sourceTree = "<group>";
		};
		E0C064B12C4F18020086A98A /* GitHubMagazine */ = {
			isa = PBXGroup;
			children = (
				E079E34C2C50826000C98D15 /* AppDelegate */,
				E079E34D2C50827F00C98D15 /* Modules */,
				E079E3552C50832E00C98D15 /* Resources */,
			);
			path = GitHubMagazine;
			sourceTree = "<group>";
		};
		E0C064C82C4F18080086A98A /* GitHubMagazineTests */ = {
			isa = PBXGroup;
			children = (
				E079E3632C509B2A00C98D15 /* Mocks */,
				E079E3622C509B2000C98D15 /* Tests */,
			);
			path = GitHubMagazineTests;
			sourceTree = "<group>";
		};
		E0C064D22C4F18080086A98A /* GitHubMagazineUITests */ = {
			isa = PBXGroup;
			children = (
				E0C064D32C4F18080086A98A /* GitHubMagazineUITests.swift */,
				E0C064D52C4F18080086A98A /* GitHubMagazineUITestsLaunchTests.swift */,
			);
			path = GitHubMagazineUITests;
			sourceTree = "<group>";
		};
/* End PBXGroup section */

/* Begin PBXNativeTarget section */
		E0C064AE2C4F18020086A98A /* GitHubMagazine */ = {
			isa = PBXNativeTarget;
			buildConfigurationList = E0C064D92C4F18080086A98A /* Build configuration list for PBXNativeTarget "GitHubMagazine" */;
			buildPhases = (
				69983D050001DFC993DDA784 /* [CP] Check Pods Manifest.lock */,
				E0C064AB2C4F18020086A98A /* Sources */,
				E0C064AC2C4F18020086A98A /* Frameworks */,
				E0C064AD2C4F18020086A98A /* Resources */,
				CEB4F75167D7B0A95719E783 /* [CP] Embed Pods Frameworks */,
			);
			buildRules = (
			);
			dependencies = (
			);
			name = GitHubMagazine;
			productName = GitHubMagazine;
			productReference = E0C064AF2C4F18020086A98A /* GitHubMagazine.app */;
			productType = "com.apple.product-type.application";
		};
		E0C064C42C4F18080086A98A /* GitHubMagazineTests */ = {
			isa = PBXNativeTarget;
			buildConfigurationList = E0C064DC2C4F18080086A98A /* Build configuration list for PBXNativeTarget "GitHubMagazineTests" */;
			buildPhases = (
				20F0D8697F714603B4269512 /* [CP] Check Pods Manifest.lock */,
				E0C064C12C4F18080086A98A /* Sources */,
				E0C064C22C4F18080086A98A /* Frameworks */,
				E0C064C32C4F18080086A98A /* Resources */,
				F469AEBD6E0AC618479EA7C9 /* [CP] Embed Pods Frameworks */,
			);
			buildRules = (
			);
			dependencies = (
				E0C064C72C4F18080086A98A /* PBXTargetDependency */,
			);
			name = GitHubMagazineTests;
			productName = GitHubMagazineTests;
			productReference = E0C064C52C4F18080086A98A /* GitHubMagazineTests.xctest */;
			productType = "com.apple.product-type.bundle.unit-test";
		};
		E0C064CE2C4F18080086A98A /* GitHubMagazineUITests */ = {
			isa = PBXNativeTarget;
			buildConfigurationList = E0C064DF2C4F18080086A98A /* Build configuration list for PBXNativeTarget "GitHubMagazineUITests" */;
			buildPhases = (
				F81E0943C92B354042B6688F /* [CP] Check Pods Manifest.lock */,
				E0C064CB2C4F18080086A98A /* Sources */,
				E0C064CC2C4F18080086A98A /* Frameworks */,
				E0C064CD2C4F18080086A98A /* Resources */,
				8AFF999831F3040FCA822310 /* [CP] Embed Pods Frameworks */,
			);
			buildRules = (
			);
			dependencies = (
				E0C064D12C4F18080086A98A /* PBXTargetDependency */,
			);
			name = GitHubMagazineUITests;
			productName = GitHubMagazineUITests;
			productReference = E0C064CF2C4F18080086A98A /* GitHubMagazineUITests.xctest */;
			productType = "com.apple.product-type.bundle.ui-testing";
		};
/* End PBXNativeTarget section */

/* Begin PBXProject section */
		E0C064A72C4F18020086A98A /* Project object */ = {
			isa = PBXProject;
			attributes = {
				BuildIndependentTargetsInParallel = 1;
				LastSwiftUpdateCheck = 1540;
				LastUpgradeCheck = 1540;
				TargetAttributes = {
					E0C064AE2C4F18020086A98A = {
						CreatedOnToolsVersion = 15.4;
					};
					E0C064C42C4F18080086A98A = {
						CreatedOnToolsVersion = 15.4;
						TestTargetID = E0C064AE2C4F18020086A98A;
					};
					E0C064CE2C4F18080086A98A = {
						CreatedOnToolsVersion = 15.4;
						TestTargetID = E0C064AE2C4F18020086A98A;
					};
				};
			};
			buildConfigurationList = E0C064AA2C4F18020086A98A /* Build configuration list for PBXProject "GitHubMagazine" */;
			compatibilityVersion = "Xcode 14.0";
			developmentRegion = en;
			hasScannedForEncodings = 0;
			knownRegions = (
				en,
				Base,
			);
			mainGroup = E0C064A62C4F18020086A98A;
			productRefGroup = E0C064B02C4F18020086A98A /* Products */;
			projectDirPath = "";
			projectRoot = "";
			targets = (
				E0C064AE2C4F18020086A98A /* GitHubMagazine */,
				E0C064C42C4F18080086A98A /* GitHubMagazineTests */,
				E0C064CE2C4F18080086A98A /* GitHubMagazineUITests */,
			);
		};
/* End PBXProject section */

/* Begin PBXResourcesBuildPhase section */
		E0C064AD2C4F18020086A98A /* Resources */ = {
			isa = PBXResourcesBuildPhase;
			buildActionMask = 2147483647;
			files = (
				E0C064BC2C4F18070086A98A /* Assets.xcassets in Resources */,
				E0C064BF2C4F18070086A98A /* Base in Resources */,
				E0C064BA2C4F18020086A98A /* Base in Resources */,
			);
			runOnlyForDeploymentPostprocessing = 0;
		};
		E0C064C32C4F18080086A98A /* Resources */ = {
			isa = PBXResourcesBuildPhase;
			buildActionMask = 2147483647;
			files = (
			);
			runOnlyForDeploymentPostprocessing = 0;
		};
		E0C064CD2C4F18080086A98A /* Resources */ = {
			isa = PBXResourcesBuildPhase;
			buildActionMask = 2147483647;
			files = (
			);
			runOnlyForDeploymentPostprocessing = 0;
		};
/* End PBXResourcesBuildPhase section */

/* Begin PBXShellScriptBuildPhase section */
		20F0D8697F714603B4269512 /* [CP] Check Pods Manifest.lock */ = {
			isa = PBXShellScriptBuildPhase;
			buildActionMask = 2147483647;
			files = (
			);
			inputFileListPaths = (
			);
			inputPaths = (
				"${PODS_PODFILE_DIR_PATH}/Podfile.lock",
				"${PODS_ROOT}/Manifest.lock",
			);
			name = "[CP] Check Pods Manifest.lock";
			outputFileListPaths = (
			);
			outputPaths = (
				"$(DERIVED_FILE_DIR)/Pods-GitHubMagazineTests-checkManifestLockResult.txt",
			);
			runOnlyForDeploymentPostprocessing = 0;
			shellPath = /bin/sh;
			shellScript = "diff \"${PODS_PODFILE_DIR_PATH}/Podfile.lock\" \"${PODS_ROOT}/Manifest.lock\" > /dev/null\nif [ $? != 0 ] ; then\n    # print error to STDERR\n    echo \"error: The sandbox is not in sync with the Podfile.lock. Run 'pod install' or update your CocoaPods installation.\" >&2\n    exit 1\nfi\n# This output is used by Xcode 'outputs' to avoid re-running this script phase.\necho \"SUCCESS\" > \"${SCRIPT_OUTPUT_FILE_0}\"\n";
			showEnvVarsInLog = 0;
		};
		69983D050001DFC993DDA784 /* [CP] Check Pods Manifest.lock */ = {
			isa = PBXShellScriptBuildPhase;
			buildActionMask = 2147483647;
			files = (
			);
			inputFileListPaths = (
			);
			inputPaths = (
				"${PODS_PODFILE_DIR_PATH}/Podfile.lock",
				"${PODS_ROOT}/Manifest.lock",
			);
			name = "[CP] Check Pods Manifest.lock";
			outputFileListPaths = (
			);
			outputPaths = (
				"$(DERIVED_FILE_DIR)/Pods-GitHubMagazine-checkManifestLockResult.txt",
			);
			runOnlyForDeploymentPostprocessing = 0;
			shellPath = /bin/sh;
			shellScript = "diff \"${PODS_PODFILE_DIR_PATH}/Podfile.lock\" \"${PODS_ROOT}/Manifest.lock\" > /dev/null\nif [ $? != 0 ] ; then\n    # print error to STDERR\n    echo \"error: The sandbox is not in sync with the Podfile.lock. Run 'pod install' or update your CocoaPods installation.\" >&2\n    exit 1\nfi\n# This output is used by Xcode 'outputs' to avoid re-running this script phase.\necho \"SUCCESS\" > \"${SCRIPT_OUTPUT_FILE_0}\"\n";
			showEnvVarsInLog = 0;
		};
		8AFF999831F3040FCA822310 /* [CP] Embed Pods Frameworks */ = {
			isa = PBXShellScriptBuildPhase;
			buildActionMask = 2147483647;
			files = (
			);
			inputFileListPaths = (
				"${PODS_ROOT}/Target Support Files/Pods-GitHubMagazine-GitHubMagazineUITests/Pods-GitHubMagazine-GitHubMagazineUITests-frameworks-${CONFIGURATION}-input-files.xcfilelist",
			);
			name = "[CP] Embed Pods Frameworks";
			outputFileListPaths = (
				"${PODS_ROOT}/Target Support Files/Pods-GitHubMagazine-GitHubMagazineUITests/Pods-GitHubMagazine-GitHubMagazineUITests-frameworks-${CONFIGURATION}-output-files.xcfilelist",
			);
			runOnlyForDeploymentPostprocessing = 0;
			shellPath = /bin/sh;
			shellScript = "\"${PODS_ROOT}/Target Support Files/Pods-GitHubMagazine-GitHubMagazineUITests/Pods-GitHubMagazine-GitHubMagazineUITests-frameworks.sh\"\n";
			showEnvVarsInLog = 0;
		};
		CEB4F75167D7B0A95719E783 /* [CP] Embed Pods Frameworks */ = {
			isa = PBXShellScriptBuildPhase;
			buildActionMask = 2147483647;
			files = (
			);
			inputFileListPaths = (
				"${PODS_ROOT}/Target Support Files/Pods-GitHubMagazine/Pods-GitHubMagazine-frameworks-${CONFIGURATION}-input-files.xcfilelist",
			);
			name = "[CP] Embed Pods Frameworks";
			outputFileListPaths = (
				"${PODS_ROOT}/Target Support Files/Pods-GitHubMagazine/Pods-GitHubMagazine-frameworks-${CONFIGURATION}-output-files.xcfilelist",
			);
			runOnlyForDeploymentPostprocessing = 0;
			shellPath = /bin/sh;
			shellScript = "\"${PODS_ROOT}/Target Support Files/Pods-GitHubMagazine/Pods-GitHubMagazine-frameworks.sh\"\n";
			showEnvVarsInLog = 0;
		};
		F469AEBD6E0AC618479EA7C9 /* [CP] Embed Pods Frameworks */ = {
			isa = PBXShellScriptBuildPhase;
			buildActionMask = 2147483647;
			files = (
			);
			inputFileListPaths = (
				"${PODS_ROOT}/Target Support Files/Pods-GitHubMagazineTests/Pods-GitHubMagazineTests-frameworks-${CONFIGURATION}-input-files.xcfilelist",
			);
			name = "[CP] Embed Pods Frameworks";
			outputFileListPaths = (
				"${PODS_ROOT}/Target Support Files/Pods-GitHubMagazineTests/Pods-GitHubMagazineTests-frameworks-${CONFIGURATION}-output-files.xcfilelist",
			);
			runOnlyForDeploymentPostprocessing = 0;
			shellPath = /bin/sh;
			shellScript = "\"${PODS_ROOT}/Target Support Files/Pods-GitHubMagazineTests/Pods-GitHubMagazineTests-frameworks.sh\"\n";
			showEnvVarsInLog = 0;
		};
		F81E0943C92B354042B6688F /* [CP] Check Pods Manifest.lock */ = {
			isa = PBXShellScriptBuildPhase;
			buildActionMask = 2147483647;
			files = (
			);
			inputFileListPaths = (
			);
			inputPaths = (
				"${PODS_PODFILE_DIR_PATH}/Podfile.lock",
				"${PODS_ROOT}/Manifest.lock",
			);
			name = "[CP] Check Pods Manifest.lock";
			outputFileListPaths = (
			);
			outputPaths = (
				"$(DERIVED_FILE_DIR)/Pods-GitHubMagazine-GitHubMagazineUITests-checkManifestLockResult.txt",
			);
			runOnlyForDeploymentPostprocessing = 0;
			shellPath = /bin/sh;
			shellScript = "diff \"${PODS_PODFILE_DIR_PATH}/Podfile.lock\" \"${PODS_ROOT}/Manifest.lock\" > /dev/null\nif [ $? != 0 ] ; then\n    # print error to STDERR\n    echo \"error: The sandbox is not in sync with the Podfile.lock. Run 'pod install' or update your CocoaPods installation.\" >&2\n    exit 1\nfi\n# This output is used by Xcode 'outputs' to avoid re-running this script phase.\necho \"SUCCESS\" > \"${SCRIPT_OUTPUT_FILE_0}\"\n";
			showEnvVarsInLog = 0;
		};
/* End PBXShellScriptBuildPhase section */

/* Begin PBXSourcesBuildPhase section */
		E0C064AB2C4F18020086A98A /* Sources */ = {
			isa = PBXSourcesBuildPhase;
			buildActionMask = 2147483647;
			files = (
				E079E3712C509DA100C98D15 /* APIServiceProtocol.swift in Sources */,
				E079E35F2C50898000C98D15 /* UIViewController.swift in Sources */,
				E079E32E2C4FE08800C98D15 /* RepositoryCell.swift in Sources */,
				E079E34B2C50791100C98D15 /* WebViewController.swift in Sources */,
				E079E35B2C5087DD00C98D15 /* PullRequestsResponse.swift in Sources */,
				E079E35D2C50886900C98D15 /* RepositoriesResponse.swift in Sources */,
				E0C064B32C4F18020086A98A /* AppDelegate.swift in Sources */,
				E079E3612C5089AD00C98D15 /* UINavigationController.swift in Sources */,
				E079E3322C4FE14100C98D15 /* RepositoriesViewModel.swift in Sources */,
				E079E3572C5083E500C98D15 /* UIColor+Hex.swift in Sources */,
				E079E3452C4FE4F300C98D15 /* PullRequestsViewController.swift in Sources */,
				E079E32C2C4FE06F00C98D15 /* PullRequestCell.swift in Sources */,
				E079E33F2C4FE26F00C98D15 /* RepositoriesViewController.swift in Sources */,
				E0C064B52C4F18020086A98A /* SceneDelegate.swift in Sources */,
				E079E3592C50853D00C98D15 /* APIService.swift in Sources */,
				E079E3492C5016F600C98D15 /* PullRequestsViewModel.swift in Sources */,
			);
			runOnlyForDeploymentPostprocessing = 0;
		};
		E0C064C12C4F18080086A98A /* Sources */ = {
			isa = PBXSourcesBuildPhase;
			buildActionMask = 2147483647;
			files = (
				E079E36B2C509BFE00C98D15 /* MockAPIService.swift in Sources */,
				E079E3692C509BBD00C98D15 /* RepositoriesViewModelTests.swift in Sources */,
				E079E3732C509F3500C98D15 /* PullRequestsViewModelTests.swift in Sources */,
				E079E3752C50A12100C98D15 /* MockAPIServiceWithError.swift in Sources */,
				E079E36D2C509C4400C98D15 /* APIServiceTests.swift in Sources */,
				E079E36F2C509C8D00C98D15 /* RepositoriesIntegrationTests.swift in Sources */,
			);
			runOnlyForDeploymentPostprocessing = 0;
		};
		E0C064CB2C4F18080086A98A /* Sources */ = {
			isa = PBXSourcesBuildPhase;
			buildActionMask = 2147483647;
			files = (
				E0C064D42C4F18080086A98A /* GitHubMagazineUITests.swift in Sources */,
				E0C064D62C4F18080086A98A /* GitHubMagazineUITestsLaunchTests.swift in Sources */,
			);
			runOnlyForDeploymentPostprocessing = 0;
		};
/* End PBXSourcesBuildPhase section */

/* Begin PBXTargetDependency section */
		E0C064C72C4F18080086A98A /* PBXTargetDependency */ = {
			isa = PBXTargetDependency;
			target = E0C064AE2C4F18020086A98A /* GitHubMagazine */;
			targetProxy = E0C064C62C4F18080086A98A /* PBXContainerItemProxy */;
		};
		E0C064D12C4F18080086A98A /* PBXTargetDependency */ = {
			isa = PBXTargetDependency;
			target = E0C064AE2C4F18020086A98A /* GitHubMagazine */;
			targetProxy = E0C064D02C4F18080086A98A /* PBXContainerItemProxy */;
		};
/* End PBXTargetDependency section */

/* Begin PBXVariantGroup section */
		E0C064B82C4F18020086A98A /* Main.storyboard */ = {
			isa = PBXVariantGroup;
			children = (
				E0C064B92C4F18020086A98A /* Base */,
			);
			name = Main.storyboard;
			sourceTree = "<group>";
		};
		E0C064BD2C4F18070086A98A /* LaunchScreen.storyboard */ = {
			isa = PBXVariantGroup;
			children = (
				E0C064BE2C4F18070086A98A /* Base */,
			);
			name = LaunchScreen.storyboard;
			sourceTree = "<group>";
		};
/* End PBXVariantGroup section */

/* Begin XCBuildConfiguration section */
		E0C064D72C4F18080086A98A /* Debug */ = {
			isa = XCBuildConfiguration;
			buildSettings = {
				ALWAYS_SEARCH_USER_PATHS = NO;
				ASSETCATALOG_COMPILER_GENERATE_SWIFT_ASSET_SYMBOL_EXTENSIONS = YES;
				CLANG_ANALYZER_NONNULL = YES;
				CLANG_ANALYZER_NUMBER_OBJECT_CONVERSION = YES_AGGRESSIVE;
				CLANG_CXX_LANGUAGE_STANDARD = "gnu++20";
				CLANG_ENABLE_MODULES = YES;
				CLANG_ENABLE_OBJC_ARC = YES;
				CLANG_ENABLE_OBJC_WEAK = YES;
				CLANG_WARN_BLOCK_CAPTURE_AUTORELEASING = YES;
				CLANG_WARN_BOOL_CONVERSION = YES;
				CLANG_WARN_COMMA = YES;
				CLANG_WARN_CONSTANT_CONVERSION = YES;
				CLANG_WARN_DEPRECATED_OBJC_IMPLEMENTATIONS = YES;
				CLANG_WARN_DIRECT_OBJC_ISA_USAGE = YES_ERROR;
				CLANG_WARN_DOCUMENTATION_COMMENTS = YES;
				CLANG_WARN_EMPTY_BODY = YES;
				CLANG_WARN_ENUM_CONVERSION = YES;
				CLANG_WARN_INFINITE_RECURSION = YES;
				CLANG_WARN_INT_CONVERSION = YES;
				CLANG_WARN_NON_LITERAL_NULL_CONVERSION = YES;
				CLANG_WARN_OBJC_IMPLICIT_RETAIN_SELF = YES;
				CLANG_WARN_OBJC_LITERAL_CONVERSION = YES;
				CLANG_WARN_OBJC_ROOT_CLASS = YES_ERROR;
				CLANG_WARN_QUOTED_INCLUDE_IN_FRAMEWORK_HEADER = YES;
				CLANG_WARN_RANGE_LOOP_ANALYSIS = YES;
				CLANG_WARN_STRICT_PROTOTYPES = YES;
				CLANG_WARN_SUSPICIOUS_MOVE = YES;
				CLANG_WARN_UNGUARDED_AVAILABILITY = YES_AGGRESSIVE;
				CLANG_WARN_UNREACHABLE_CODE = YES;
				CLANG_WARN__DUPLICATE_METHOD_MATCH = YES;
				COPY_PHASE_STRIP = NO;
				DEBUG_INFORMATION_FORMAT = dwarf;
				ENABLE_STRICT_OBJC_MSGSEND = YES;
				ENABLE_TESTABILITY = YES;
				ENABLE_USER_SCRIPT_SANDBOXING = YES;
				GCC_C_LANGUAGE_STANDARD = gnu17;
				GCC_DYNAMIC_NO_PIC = NO;
				GCC_NO_COMMON_BLOCKS = YES;
				GCC_OPTIMIZATION_LEVEL = 0;
				GCC_PREPROCESSOR_DEFINITIONS = (
					"DEBUG=1",
					"$(inherited)",
				);
				GCC_WARN_64_TO_32_BIT_CONVERSION = YES;
				GCC_WARN_ABOUT_RETURN_TYPE = YES_ERROR;
				GCC_WARN_UNDECLARED_SELECTOR = YES;
				GCC_WARN_UNINITIALIZED_AUTOS = YES_AGGRESSIVE;
				GCC_WARN_UNUSED_FUNCTION = YES;
				GCC_WARN_UNUSED_VARIABLE = YES;
				IPHONEOS_DEPLOYMENT_TARGET = 17.5;
				LOCALIZATION_PREFERS_STRING_CATALOGS = YES;
				MTL_ENABLE_DEBUG_INFO = INCLUDE_SOURCE;
				MTL_FAST_MATH = YES;
				ONLY_ACTIVE_ARCH = YES;
				SDKROOT = iphoneos;
				SWIFT_ACTIVE_COMPILATION_CONDITIONS = "DEBUG $(inherited)";
				SWIFT_OPTIMIZATION_LEVEL = "-Onone";
			};
			name = Debug;
		};
		E0C064D82C4F18080086A98A /* Release */ = {
			isa = XCBuildConfiguration;
			buildSettings = {
				ALWAYS_SEARCH_USER_PATHS = NO;
				ASSETCATALOG_COMPILER_GENERATE_SWIFT_ASSET_SYMBOL_EXTENSIONS = YES;
				CLANG_ANALYZER_NONNULL = YES;
				CLANG_ANALYZER_NUMBER_OBJECT_CONVERSION = YES_AGGRESSIVE;
				CLANG_CXX_LANGUAGE_STANDARD = "gnu++20";
				CLANG_ENABLE_MODULES = YES;
				CLANG_ENABLE_OBJC_ARC = YES;
				CLANG_ENABLE_OBJC_WEAK = YES;
				CLANG_WARN_BLOCK_CAPTURE_AUTORELEASING = YES;
				CLANG_WARN_BOOL_CONVERSION = YES;
				CLANG_WARN_COMMA = YES;
				CLANG_WARN_CONSTANT_CONVERSION = YES;
				CLANG_WARN_DEPRECATED_OBJC_IMPLEMENTATIONS = YES;
				CLANG_WARN_DIRECT_OBJC_ISA_USAGE = YES_ERROR;
				CLANG_WARN_DOCUMENTATION_COMMENTS = YES;
				CLANG_WARN_EMPTY_BODY = YES;
				CLANG_WARN_ENUM_CONVERSION = YES;
				CLANG_WARN_INFINITE_RECURSION = YES;
				CLANG_WARN_INT_CONVERSION = YES;
				CLANG_WARN_NON_LITERAL_NULL_CONVERSION = YES;
				CLANG_WARN_OBJC_IMPLICIT_RETAIN_SELF = YES;
				CLANG_WARN_OBJC_LITERAL_CONVERSION = YES;
				CLANG_WARN_OBJC_ROOT_CLASS = YES_ERROR;
				CLANG_WARN_QUOTED_INCLUDE_IN_FRAMEWORK_HEADER = YES;
				CLANG_WARN_RANGE_LOOP_ANALYSIS = YES;
				CLANG_WARN_STRICT_PROTOTYPES = YES;
				CLANG_WARN_SUSPICIOUS_MOVE = YES;
				CLANG_WARN_UNGUARDED_AVAILABILITY = YES_AGGRESSIVE;
				CLANG_WARN_UNREACHABLE_CODE = YES;
				CLANG_WARN__DUPLICATE_METHOD_MATCH = YES;
				COPY_PHASE_STRIP = NO;
				DEBUG_INFORMATION_FORMAT = "dwarf-with-dsym";
				ENABLE_NS_ASSERTIONS = NO;
				ENABLE_STRICT_OBJC_MSGSEND = YES;
				ENABLE_USER_SCRIPT_SANDBOXING = YES;
				GCC_C_LANGUAGE_STANDARD = gnu17;
				GCC_NO_COMMON_BLOCKS = YES;
				GCC_WARN_64_TO_32_BIT_CONVERSION = YES;
				GCC_WARN_ABOUT_RETURN_TYPE = YES_ERROR;
				GCC_WARN_UNDECLARED_SELECTOR = YES;
				GCC_WARN_UNINITIALIZED_AUTOS = YES_AGGRESSIVE;
				GCC_WARN_UNUSED_FUNCTION = YES;
				GCC_WARN_UNUSED_VARIABLE = YES;
				IPHONEOS_DEPLOYMENT_TARGET = 17.5;
				LOCALIZATION_PREFERS_STRING_CATALOGS = YES;
				MTL_ENABLE_DEBUG_INFO = NO;
				MTL_FAST_MATH = YES;
				SDKROOT = iphoneos;
				SWIFT_COMPILATION_MODE = wholemodule;
				VALIDATE_PRODUCT = YES;
			};
			name = Release;
		};
		E0C064DA2C4F18080086A98A /* Debug */ = {
			isa = XCBuildConfiguration;
			baseConfigurationReference = 82427ADAADA71346A5DB6613 /* Pods-GitHubMagazine.debug.xcconfig */;
			buildSettings = {
				ASSETCATALOG_COMPILER_APPICON_NAME = AppIcon;
				ASSETCATALOG_COMPILER_GLOBAL_ACCENT_COLOR_NAME = AccentColor;
				CODE_SIGN_IDENTITY = "Apple Development";
				CODE_SIGN_STYLE = Automatic;
				CURRENT_PROJECT_VERSION = 1;
				DEVELOPMENT_TEAM = 38BWSYMPAW;
				ENABLE_USER_SCRIPT_SANDBOXING = NO;
				GENERATE_INFOPLIST_FILE = YES;
				INFOPLIST_FILE = GitHubMagazine/Resources/Info.plist;
				INFOPLIST_KEY_CFBundleDisplayName = "GitHub Magazine";
				INFOPLIST_KEY_LSApplicationCategoryType = "public.app-category.developer-tools";
				INFOPLIST_KEY_UIApplicationSupportsIndirectInputEvents = YES;
				INFOPLIST_KEY_UILaunchStoryboardName = LaunchScreen;
				INFOPLIST_KEY_UIMainStoryboardFile = Main;
				INFOPLIST_KEY_UISupportedInterfaceOrientations_iPad = "UIInterfaceOrientationPortrait UIInterfaceOrientationPortraitUpsideDown UIInterfaceOrientationLandscapeLeft UIInterfaceOrientationLandscapeRight";
				INFOPLIST_KEY_UISupportedInterfaceOrientations_iPhone = "UIInterfaceOrientationPortrait UIInterfaceOrientationLandscapeLeft UIInterfaceOrientationLandscapeRight";
				LD_RUNPATH_SEARCH_PATHS = (
					"$(inherited)",
					"@executable_path/Frameworks",
				);
				MARKETING_VERSION = 1.0;
				PRODUCT_BUNDLE_IDENTIFIER = haynacardoso.GitHubMagazine;
				PRODUCT_NAME = "$(TARGET_NAME)";
				PROVISIONING_PROFILE_SPECIFIER = "";
				SWIFT_EMIT_LOC_STRINGS = YES;
				SWIFT_VERSION = 5.0;
				TARGETED_DEVICE_FAMILY = "1,2";
				VALID_ARCHS = "arm64 armv7";
				"VALID_ARCHS[sdk=iphonesimulator*]" = x86_64;
			};
			name = Debug;
		};
		E0C064DB2C4F18080086A98A /* Release */ = {
			isa = XCBuildConfiguration;
			baseConfigurationReference = E66C355D4B2D7B2A078E138C /* Pods-GitHubMagazine.release.xcconfig */;
			buildSettings = {
				ASSETCATALOG_COMPILER_APPICON_NAME = AppIcon;
				ASSETCATALOG_COMPILER_GLOBAL_ACCENT_COLOR_NAME = AccentColor;
				CODE_SIGN_IDENTITY = "Apple Development";
				CODE_SIGN_STYLE = Automatic;
				CURRENT_PROJECT_VERSION = 1;
				DEVELOPMENT_TEAM = 38BWSYMPAW;
				ENABLE_USER_SCRIPT_SANDBOXING = NO;
				EXCLUDED_ARCHS = "";
				GENERATE_INFOPLIST_FILE = YES;
				INFOPLIST_FILE = GitHubMagazine/Resources/Info.plist;
				INFOPLIST_KEY_CFBundleDisplayName = "GitHub Magazine";
				INFOPLIST_KEY_LSApplicationCategoryType = "public.app-category.developer-tools";
				INFOPLIST_KEY_UIApplicationSupportsIndirectInputEvents = YES;
				INFOPLIST_KEY_UILaunchStoryboardName = LaunchScreen;
				INFOPLIST_KEY_UIMainStoryboardFile = Main;
				INFOPLIST_KEY_UISupportedInterfaceOrientations_iPad = "UIInterfaceOrientationPortrait UIInterfaceOrientationPortraitUpsideDown UIInterfaceOrientationLandscapeLeft UIInterfaceOrientationLandscapeRight";
				INFOPLIST_KEY_UISupportedInterfaceOrientations_iPhone = "UIInterfaceOrientationPortrait UIInterfaceOrientationLandscapeLeft UIInterfaceOrientationLandscapeRight";
				LD_RUNPATH_SEARCH_PATHS = (
					"$(inherited)",
					"@executable_path/Frameworks",
				);
				MARKETING_VERSION = 1.0;
				PRODUCT_BUNDLE_IDENTIFIER = haynacardoso.GitHubMagazine;
				PRODUCT_NAME = "$(TARGET_NAME)";
				PROVISIONING_PROFILE_SPECIFIER = "";
				SWIFT_EMIT_LOC_STRINGS = YES;
				SWIFT_VERSION = 5.0;
				TARGETED_DEVICE_FAMILY = "1,2";
				VALID_ARCHS = "arm64 armv7";
				"VALID_ARCHS[sdk=iphonesimulator*]" = x86_64;
			};
			name = Release;
		};
		E0C064DD2C4F18080086A98A /* Debug */ = {
			isa = XCBuildConfiguration;
			baseConfigurationReference = 10A4CDB81E7ED677C6EBC70F /* Pods-GitHubMagazineTests.debug.xcconfig */;
			buildSettings = {
				ALWAYS_EMBED_SWIFT_STANDARD_LIBRARIES = YES;
				BUNDLE_LOADER = "$(TEST_HOST)";
				CODE_SIGN_STYLE = Automatic;
				CURRENT_PROJECT_VERSION = 1;
				DEVELOPMENT_TEAM = 38BWSYMPAW;
				ENABLE_USER_SCRIPT_SANDBOXING = NO;
				GENERATE_INFOPLIST_FILE = YES;
				IPHONEOS_DEPLOYMENT_TARGET = 17.5;
				MARKETING_VERSION = 1.0;
				PRODUCT_BUNDLE_IDENTIFIER = haynacardoso.GitHubMagazineTests;
				PRODUCT_NAME = "$(TARGET_NAME)";
				SWIFT_EMIT_LOC_STRINGS = NO;
				SWIFT_VERSION = 5.0;
				TARGETED_DEVICE_FAMILY = "1,2";
				TEST_HOST = "$(BUILT_PRODUCTS_DIR)/GitHubMagazine.app/$(BUNDLE_EXECUTABLE_FOLDER_PATH)/GitHubMagazine";
			};
			name = Debug;
		};
		E0C064DE2C4F18080086A98A /* Release */ = {
			isa = XCBuildConfiguration;
			baseConfigurationReference = 6620E24A3AF0287F325991D9 /* Pods-GitHubMagazineTests.release.xcconfig */;
			buildSettings = {
				ALWAYS_EMBED_SWIFT_STANDARD_LIBRARIES = YES;
				BUNDLE_LOADER = "$(TEST_HOST)";
				CODE_SIGN_STYLE = Automatic;
				CURRENT_PROJECT_VERSION = 1;
				DEVELOPMENT_TEAM = 38BWSYMPAW;
				ENABLE_USER_SCRIPT_SANDBOXING = NO;
				GENERATE_INFOPLIST_FILE = YES;
				IPHONEOS_DEPLOYMENT_TARGET = 17.5;
				MARKETING_VERSION = 1.0;
				PRODUCT_BUNDLE_IDENTIFIER = haynacardoso.GitHubMagazineTests;
				PRODUCT_NAME = "$(TARGET_NAME)";
				SWIFT_EMIT_LOC_STRINGS = NO;
				SWIFT_VERSION = 5.0;
				TARGETED_DEVICE_FAMILY = "1,2";
				TEST_HOST = "$(BUILT_PRODUCTS_DIR)/GitHubMagazine.app/$(BUNDLE_EXECUTABLE_FOLDER_PATH)/GitHubMagazine";
			};
			name = Release;
		};
		E0C064E02C4F18080086A98A /* Debug */ = {
			isa = XCBuildConfiguration;
			baseConfigurationReference = E1FF2991A0B69DF2EECF3F89 /* Pods-GitHubMagazine-GitHubMagazineUITests.debug.xcconfig */;
			buildSettings = {
				ALWAYS_EMBED_SWIFT_STANDARD_LIBRARIES = YES;
				CODE_SIGN_STYLE = Automatic;
				CURRENT_PROJECT_VERSION = 1;
				DEVELOPMENT_TEAM = 38BWSYMPAW;
				ENABLE_USER_SCRIPT_SANDBOXING = NO;
				GENERATE_INFOPLIST_FILE = YES;
				MARKETING_VERSION = 1.0;
				PRODUCT_BUNDLE_IDENTIFIER = haynacardoso.GitHubMagazineUITests;
				PRODUCT_NAME = "$(TARGET_NAME)";
				SWIFT_EMIT_LOC_STRINGS = NO;
				SWIFT_VERSION = 5.0;
				TARGETED_DEVICE_FAMILY = "1,2";
				TEST_TARGET_NAME = GitHubMagazine;
			};
			name = Debug;
		};
		E0C064E12C4F18080086A98A /* Release */ = {
			isa = XCBuildConfiguration;
			baseConfigurationReference = CB6B718526226F56563B25C9 /* Pods-GitHubMagazine-GitHubMagazineUITests.release.xcconfig */;
			buildSettings = {
				ALWAYS_EMBED_SWIFT_STANDARD_LIBRARIES = YES;
				CODE_SIGN_STYLE = Automatic;
				CURRENT_PROJECT_VERSION = 1;
				DEVELOPMENT_TEAM = 38BWSYMPAW;
				ENABLE_USER_SCRIPT_SANDBOXING = NO;
				GENERATE_INFOPLIST_FILE = YES;
				MARKETING_VERSION = 1.0;
				PRODUCT_BUNDLE_IDENTIFIER = haynacardoso.GitHubMagazineUITests;
				PRODUCT_NAME = "$(TARGET_NAME)";
				SWIFT_EMIT_LOC_STRINGS = NO;
				SWIFT_VERSION = 5.0;
				TARGETED_DEVICE_FAMILY = "1,2";
				TEST_TARGET_NAME = GitHubMagazine;
			};
			name = Release;
		};
/* End XCBuildConfiguration section */

/* Begin XCConfigurationList section */
		E0C064AA2C4F18020086A98A /* Build configuration list for PBXProject "GitHubMagazine" */ = {
			isa = XCConfigurationList;
			buildConfigurations = (
				E0C064D72C4F18080086A98A /* Debug */,
				E0C064D82C4F18080086A98A /* Release */,
			);
			defaultConfigurationIsVisible = 0;
			defaultConfigurationName = Release;
		};
		E0C064D92C4F18080086A98A /* Build configuration list for PBXNativeTarget "GitHubMagazine" */ = {
			isa = XCConfigurationList;
			buildConfigurations = (
				E0C064DA2C4F18080086A98A /* Debug */,
				E0C064DB2C4F18080086A98A /* Release */,
			);
			defaultConfigurationIsVisible = 0;
			defaultConfigurationName = Release;
		};
		E0C064DC2C4F18080086A98A /* Build configuration list for PBXNativeTarget "GitHubMagazineTests" */ = {
			isa = XCConfigurationList;
			buildConfigurations = (
				E0C064DD2C4F18080086A98A /* Debug */,
				E0C064DE2C4F18080086A98A /* Release */,
			);
			defaultConfigurationIsVisible = 0;
			defaultConfigurationName = Release;
		};
		E0C064DF2C4F18080086A98A /* Build configuration list for PBXNativeTarget "GitHubMagazineUITests" */ = {
			isa = XCConfigurationList;
			buildConfigurations = (
				E0C064E02C4F18080086A98A /* Debug */,
				E0C064E12C4F18080086A98A /* Release */,
			);
			defaultConfigurationIsVisible = 0;
			defaultConfigurationName = Release;
		};
/* End XCConfigurationList section */
	};
	rootObject = E0C064A72C4F18020086A98A /* Project object */;
}
